<?xml version="1.0" encoding="utf-8"?>
<Project ToolsVersion="4.0" xmlns="http://schemas.microsoft.com/developer/msbuild/2003">
  <ItemGroup>
    <Filter Include="Исходные файлы">
      <UniqueIdentifier>{4FC737F1-C7A5-4376-A066-2A32D752A2FF}</UniqueIdentifier>
      <Extensions>cpp;c;cc;cxx;def;odl;idl;hpj;bat;asm;asmx</Extensions>
    </Filter>
    <Filter Include="Файлы заголовков">
      <UniqueIdentifier>{93995380-89BD-4b04-88EB-625FBE52EBFB}</UniqueIdentifier>
      <Extensions>h;hh;hpp;hxx;hm;inl;inc;ipp;xsd</Extensions>
    </Filter>
    <Filter Include="Файлы ресурсов">
      <UniqueIdentifier>{67DA6AB6-F800-4c08-8B7A-83BB121AAD01}</UniqueIdentifier>
      <Extensions>rc;ico;cur;bmp;dlg;rc2;rct;bin;rgs;gif;jpg;jpeg;jpe;resx;tiff;tif;png;wav;mfcribbon-ms</Extensions>
    </Filter>
    <Filter Include="Исходные файлы\Seminar3">
      <UniqueIdentifier>{b46d7682-c6c4-4e5d-902c-c253f6f2e3d5}</UniqueIdentifier>
    </Filter>
    <Filter Include="Исходные файлы\Seminar4">
      <UniqueIdentifier>{002ba94f-5bed-49c8-90d8-e035fcc1e9ad}</UniqueIdentifier>
    </Filter>
    <Filter Include="Исходные файлы\Menu">
      <UniqueIdentifier>{bd72f4d8-5da5-4737-857b-d947fb7882f4}</UniqueIdentifier>
    </Filter>
    <Filter Include="Исходные файлы\Seminar5">
      <UniqueIdentifier>{47ba4697-04cc-4823-801b-5cd62e71d327}</UniqueIdentifier>
    </Filter>
  </ItemGroup>
  <ItemGroup>
    <ClCompile Include="Seminarchoice.cpp">
      <Filter>Исходные файлы</Filter>
    </ClCompile>
    <ClCompile Include="Seminar3.cpp">
      <Filter>Исходные файлы\Seminar3</Filter>
    </ClCompile>
    <ClCompile Include="Seminar3_1.cpp">
      <Filter>Исходные файлы\Seminar3</Filter>
    </ClCompile>
    <ClCompile Include="Seminar3_2.cpp">
      <Filter>Исходные файлы\Seminar3</Filter>
    </ClCompile>
    <ClCompile Include="main.cpp">
      <Filter>Исходные файлы</Filter>
    </ClCompile>
    <ClCompile Include="InputSize.cpp">
      <Filter>Исходные файлы\Seminar3</Filter>
    </ClCompile>
    <ClCompile Include="InputElements.cpp">
      <Filter>Исходные файлы\Seminar3</Filter>
    </ClCompile>
    <ClCompile Include="InputSize4.cpp">
      <Filter>Исходные файлы\Seminar4</Filter>
    </ClCompile>
    <ClCompile Include="InputElements4.cpp">
      <Filter>Исходные файлы\Seminar4</Filter>
    </ClCompile>
    <ClCompile Include="Seminar3_3.cpp">
      <Filter>Исходные файлы\Seminar3</Filter>
    </ClCompile>
    <ClCompile Include="Seminar4.cpp">
      <Filter>Исходные файлы\Seminar4</Filter>
    </ClCompile>
    <ClCompile Include="Seminar4_1.cpp">
      <Filter>Исходные файлы\Seminar4</Filter>
    </ClCompile>
    <ClCompile Include="Seminar4_2.cpp">
      <Filter>Исходные файлы\Seminar4</Filter>
    </ClCompile>
    <ClCompile Include="MenuSeminar3.cpp">
      <Filter>Исходные файлы\Menu</Filter>
    </ClCompile>
    <ClCompile Include="MenuSeminar4.cpp">
      <Filter>Исходные файлы\Menu</Filter>
    </ClCompile>
    <ClCompile Include="MenuSeminars.cpp">
      <Filter>Исходные файлы\Menu</Filter>
    </ClCompile>
    <ClCompile Include="Seminar5.cpp">
      <Filter>Исходные файлы\Seminar5</Filter>
    </ClCompile>
  </ItemGroup>
  <ItemGroup>
    <ClInclude Include="Libraries.h">
      <Filter>Файлы заголовков</Filter>
    </ClInclude>
    <ClInclude Include="Prototypes.h">
      <Filter>Файлы заголовков</Filter>
    </ClInclude>
  </ItemGroup>
  <ItemGroup>
    <Text Include="file.txt">
      <Filter>Исходные файлы</Filter>
    </Text>
  </ItemGroup>
</Project>